
Microsoft Visual Studio Solution File, Format Version 12.00
# Visual Studio 2013
VisualStudioVersion = 12.0.21005.1
MinimumVisualStudioVersion = 10.0.40219.1
Project("{2150E333-8FDC-42A3-9474-1A3956D46DE8}") = "Business", "Business", "{11041D30-4CB1-4514-AF9B-39452C44E087}"
EndProject
Project("{FAE04EC0-301F-11D3-BF4B-00C04F79EFBC}") = "TrustFund.Business", "TrustFund.Business\TrustFund.Business.csproj", "{5AABEB2E-7164-477E-A439-B146B21D71A5}"
EndProject
Project("{FAE04EC0-301F-11D3-BF4B-00C04F79EFBC}") = "TrustFund.Business.Entities", "TrustFund.Business.Entities\TrustFund.Business.Entities.csproj", "{D7FB0BAE-7EFC-41C5-B6CB-E8AD34EDA1F7}"
EndProject
Project("{FAE04EC0-301F-11D3-BF4B-00C04F79EFBC}") = "TrustFund.Business.Bootstrapper", "TrustFund.Business.Bootstrapper\TrustFund.Business.Bootstrapper.csproj", "{48B16B89-8745-4704-BD30-5CCDB9187E09}"
EndProject
Project("{FAE04EC0-301F-11D3-BF4B-00C04F79EFBC}") = "TrustFund.Business.Contracts", "TrustFund.Business.Contracts\TrustFund.Business.Contracts.csproj", "{C58BF8A3-92B6-46EC-8DD2-E1B244785C26}"
EndProject
Project("{FAE04EC0-301F-11D3-BF4B-00C04F79EFBC}") = "TrustFund.Business.Managers", "TrustFund.Business.Managers\TrustFund.Business.Managers.csproj", "{7896B0FD-0BC2-4BFC-B5D5-804BE639A26D}"
EndProject
Project("{FAE04EC0-301F-11D3-BF4B-00C04F79EFBC}") = "TrustFund.Business.Common", "TrustFund.Business.Common\TrustFund.Business.Common.csproj", "{2F8CFF6D-8DFA-4019-812B-B908C320578D}"
EndProject
Project("{2150E333-8FDC-42A3-9474-1A3956D46DE8}") = "Client", "Client", "{61D69671-A115-4BE4-8CD5-03D073B8FEA5}"
EndProject
Project("{FAE04EC0-301F-11D3-BF4B-00C04F79EFBC}") = "TrustFund.Client.Bootstrapper", "TrustFund.Client.Bootstrapper\TrustFund.Client.Bootstrapper.csproj", "{1E08F218-E618-46DE-8B6A-27C728A02D6E}"
EndProject
Project("{FAE04EC0-301F-11D3-BF4B-00C04F79EFBC}") = "TrustFund.Client.Contracts", "TrustFund.Client.Contracts\TrustFund.Client.Contracts.csproj", "{FF196515-2FB0-4980-8107-8D838E1235D3}"
EndProject
Project("{FAE04EC0-301F-11D3-BF4B-00C04F79EFBC}") = "TrustFund.Client.Entities", "TrustFund.Client.Entities\TrustFund.Client.Entities.csproj", "{5A77E07F-9E31-4029-B359-A29F78F348B3}"
EndProject
Project("{FAE04EC0-301F-11D3-BF4B-00C04F79EFBC}") = "TrustFund.Client.Proxies", "TrustFund.Client.Proxies\TrustFund.Client.Proxies.csproj", "{ABE227EA-DACB-4C21-BA7D-809268843423}"
EndProject
Project("{2150E333-8FDC-42A3-9474-1A3956D46DE8}") = "Core", "Core", "{329F8508-F5DE-41FB-930A-ECB017BDAE61}"
EndProject
Project("{FAE04EC0-301F-11D3-BF4B-00C04F79EFBC}") = "Core.Common", "Core.Common\Core.Common.csproj", "{7440F6F8-8903-4F0C-AB7F-945F77F3357A}"
EndProject
Project("{2150E333-8FDC-42A3-9474-1A3956D46DE8}") = "Test", "Test", "{09221518-81B4-42BA-A53D-2679D1E13904}"
EndProject
Project("{FAE04EC0-301F-11D3-BF4B-00C04F79EFBC}") = "Core.Common.Contracts", "Core.Common.Contracts\Core.Common.Contracts.csproj", "{650AA862-A10C-49F2-84B8-161CE78729CA}"
EndProject
Project("{FAE04EC0-301F-11D3-BF4B-00C04F79EFBC}") = "Core.Common.ServiceModel", "Core.Common.ServiceModel\Core.Common.ServiceModel.csproj", "{E2872981-5689-4311-8A7C-6D420624E2A2}"
EndProject
Project("{2150E333-8FDC-42A3-9474-1A3956D46DE8}") = "Hosting", "Hosting", "{62810943-514E-4B76-9FDC-34951C8E4257}"
EndProject
Project("{2150E333-8FDC-42A3-9474-1A3956D46DE8}") = "Common", "Common", "{31A7F35B-6E57-488C-AF92-D88502C7476B}"
EndProject
Project("{FAE04EC0-301F-11D3-BF4B-00C04F79EFBC}") = "TrustFund.Common", "TrustFund.Common\TrustFund.Common.csproj", "{5737B2CF-0E41-40F5-B7B7-D12C93096376}"
EndProject
Project("{2150E333-8FDC-42A3-9474-1A3956D46DE8}") = "Resource Access", "Resource Access", "{C8502EFE-45B6-4E7B-9F27-82473639D80F}"
EndProject
Project("{FAE04EC0-301F-11D3-BF4B-00C04F79EFBC}") = "TrustFund.Data", "TrustFund.Data\TrustFund.Data.csproj", "{270BF6F9-AD95-4C9B-985D-1F9F86D39B15}"
EndProject
Project("{FAE04EC0-301F-11D3-BF4B-00C04F79EFBC}") = "TrustFund.Data.Contracts", "TrustFund.Data.Contracts\TrustFund.Data.Contracts.csproj", "{47AA9E7B-0BF3-4531-91BC-B0DC854A28AD}"
EndProject
Project("{FAE04EC0-301F-11D3-BF4B-00C04F79EFBC}") = "TrustFund.Data.Tests", "TrustFund.Data.Tests\TrustFund.Data.Tests.csproj", "{2B70CBB9-0778-4945-AFF2-8385B7BEBFEB}"
EndProject
Project("{FAE04EC0-301F-11D3-BF4B-00C04F79EFBC}") = "TrustFund.ServiceHost.Console", "TrustFund.ServiceHost.Console\TrustFund.ServiceHost.Console.csproj", "{10157ED8-9BB8-45F2-8054-DCE1B1AE9960}"
EndProject
Project("{2150E333-8FDC-42A3-9474-1A3956D46DE8}") = "Web", "Web", "{DC592076-05B9-4D8A-BCD8-E995173C81DD}"
EndProject
Project("{FAE04EC0-301F-11D3-BF4B-00C04F79EFBC}") = "TrustFund.Web", "TrustFund.Web\TrustFund.Web.csproj", "{5B865182-066E-4564-9AB1-68D36EDC91B9}"
EndProject
Project("{FAE04EC0-301F-11D3-BF4B-00C04F79EFBC}") = "TrustFund.Business.Managers.Tests", "TrustFund.Business.Managers.Tests\TrustFund.Business.Managers.Tests.csproj", "{8FA96278-8508-488A-A796-266F7221C70B}"
EndProject
Global
	GlobalSection(SolutionConfigurationPlatforms) = preSolution
		Debug|Any CPU = Debug|Any CPU
		Release|Any CPU = Release|Any CPU
	EndGlobalSection
	GlobalSection(ProjectConfigurationPlatforms) = postSolution
		{5AABEB2E-7164-477E-A439-B146B21D71A5}.Debug|Any CPU.ActiveCfg = Debug|Any CPU
		{5AABEB2E-7164-477E-A439-B146B21D71A5}.Debug|Any CPU.Build.0 = Debug|Any CPU
		{5AABEB2E-7164-477E-A439-B146B21D71A5}.Release|Any CPU.ActiveCfg = Release|Any CPU
		{5AABEB2E-7164-477E-A439-B146B21D71A5}.Release|Any CPU.Build.0 = Release|Any CPU
		{D7FB0BAE-7EFC-41C5-B6CB-E8AD34EDA1F7}.Debug|Any CPU.ActiveCfg = Debug|Any CPU
		{D7FB0BAE-7EFC-41C5-B6CB-E8AD34EDA1F7}.Debug|Any CPU.Build.0 = Debug|Any CPU
		{D7FB0BAE-7EFC-41C5-B6CB-E8AD34EDA1F7}.Release|Any CPU.ActiveCfg = Release|Any CPU
		{D7FB0BAE-7EFC-41C5-B6CB-E8AD34EDA1F7}.Release|Any CPU.Build.0 = Release|Any CPU
		{48B16B89-8745-4704-BD30-5CCDB9187E09}.Debug|Any CPU.ActiveCfg = Debug|Any CPU
		{48B16B89-8745-4704-BD30-5CCDB9187E09}.Debug|Any CPU.Build.0 = Debug|Any CPU
		{48B16B89-8745-4704-BD30-5CCDB9187E09}.Release|Any CPU.ActiveCfg = Release|Any CPU
		{48B16B89-8745-4704-BD30-5CCDB9187E09}.Release|Any CPU.Build.0 = Release|Any CPU
		{C58BF8A3-92B6-46EC-8DD2-E1B244785C26}.Debug|Any CPU.ActiveCfg = Debug|Any CPU
		{C58BF8A3-92B6-46EC-8DD2-E1B244785C26}.Debug|Any CPU.Build.0 = Debug|Any CPU
		{C58BF8A3-92B6-46EC-8DD2-E1B244785C26}.Release|Any CPU.ActiveCfg = Release|Any CPU
		{C58BF8A3-92B6-46EC-8DD2-E1B244785C26}.Release|Any CPU.Build.0 = Release|Any CPU
		{7896B0FD-0BC2-4BFC-B5D5-804BE639A26D}.Debug|Any CPU.ActiveCfg = Debug|Any CPU
		{7896B0FD-0BC2-4BFC-B5D5-804BE639A26D}.Debug|Any CPU.Build.0 = Debug|Any CPU
		{7896B0FD-0BC2-4BFC-B5D5-804BE639A26D}.Release|Any CPU.ActiveCfg = Release|Any CPU
		{7896B0FD-0BC2-4BFC-B5D5-804BE639A26D}.Release|Any CPU.Build.0 = Release|Any CPU
		{2F8CFF6D-8DFA-4019-812B-B908C320578D}.Debug|Any CPU.ActiveCfg = Debug|Any CPU
		{2F8CFF6D-8DFA-4019-812B-B908C320578D}.Debug|Any CPU.Build.0 = Debug|Any CPU
		{2F8CFF6D-8DFA-4019-812B-B908C320578D}.Release|Any CPU.ActiveCfg = Release|Any CPU
		{2F8CFF6D-8DFA-4019-812B-B908C320578D}.Release|Any CPU.Build.0 = Release|Any CPU
		{1E08F218-E618-46DE-8B6A-27C728A02D6E}.Debug|Any CPU.ActiveCfg = Debug|Any CPU
		{1E08F218-E618-46DE-8B6A-27C728A02D6E}.Debug|Any CPU.Build.0 = Debug|Any CPU
		{1E08F218-E618-46DE-8B6A-27C728A02D6E}.Release|Any CPU.ActiveCfg = Release|Any CPU
		{1E08F218-E618-46DE-8B6A-27C728A02D6E}.Release|Any CPU.Build.0 = Release|Any CPU
		{FF196515-2FB0-4980-8107-8D838E1235D3}.Debug|Any CPU.ActiveCfg = Debug|Any CPU
		{FF196515-2FB0-4980-8107-8D838E1235D3}.Debug|Any CPU.Build.0 = Debug|Any CPU
		{FF196515-2FB0-4980-8107-8D838E1235D3}.Release|Any CPU.ActiveCfg = Release|Any CPU
		{FF196515-2FB0-4980-8107-8D838E1235D3}.Release|Any CPU.Build.0 = Release|Any CPU
		{5A77E07F-9E31-4029-B359-A29F78F348B3}.Debug|Any CPU.ActiveCfg = Debug|Any CPU
		{5A77E07F-9E31-4029-B359-A29F78F348B3}.Debug|Any CPU.Build.0 = Debug|Any CPU
		{5A77E07F-9E31-4029-B359-A29F78F348B3}.Release|Any CPU.ActiveCfg = Release|Any CPU
		{5A77E07F-9E31-4029-B359-A29F78F348B3}.Release|Any CPU.Build.0 = Release|Any CPU
		{ABE227EA-DACB-4C21-BA7D-809268843423}.Debug|Any CPU.ActiveCfg = Debug|Any CPU
		{ABE227EA-DACB-4C21-BA7D-809268843423}.Debug|Any CPU.Build.0 = Debug|Any CPU
		{ABE227EA-DACB-4C21-BA7D-809268843423}.Release|Any CPU.ActiveCfg = Release|Any CPU
		{ABE227EA-DACB-4C21-BA7D-809268843423}.Release|Any CPU.Build.0 = Release|Any CPU
		{7440F6F8-8903-4F0C-AB7F-945F77F3357A}.Debug|Any CPU.ActiveCfg = Debug|Any CPU
		{7440F6F8-8903-4F0C-AB7F-945F77F3357A}.Debug|Any CPU.Build.0 = Debug|Any CPU
		{7440F6F8-8903-4F0C-AB7F-945F77F3357A}.Release|Any CPU.ActiveCfg = Release|Any CPU
		{7440F6F8-8903-4F0C-AB7F-945F77F3357A}.Release|Any CPU.Build.0 = Release|Any CPU
		{650AA862-A10C-49F2-84B8-161CE78729CA}.Debug|Any CPU.ActiveCfg = Debug|Any CPU
		{650AA862-A10C-49F2-84B8-161CE78729CA}.Debug|Any CPU.Build.0 = Debug|Any CPU
		{650AA862-A10C-49F2-84B8-161CE78729CA}.Release|Any CPU.ActiveCfg = Release|Any CPU
		{650AA862-A10C-49F2-84B8-161CE78729CA}.Release|Any CPU.Build.0 = Release|Any CPU
		{E2872981-5689-4311-8A7C-6D420624E2A2}.Debug|Any CPU.ActiveCfg = Debug|Any CPU
		{E2872981-5689-4311-8A7C-6D420624E2A2}.Debug|Any CPU.Build.0 = Debug|Any CPU
		{E2872981-5689-4311-8A7C-6D420624E2A2}.Release|Any CPU.ActiveCfg = Release|Any CPU
		{E2872981-5689-4311-8A7C-6D420624E2A2}.Release|Any CPU.Build.0 = Release|Any CPU
		{5737B2CF-0E41-40F5-B7B7-D12C93096376}.Debug|Any CPU.ActiveCfg = Debug|Any CPU
		{5737B2CF-0E41-40F5-B7B7-D12C93096376}.Debug|Any CPU.Build.0 = Debug|Any CPU
		{5737B2CF-0E41-40F5-B7B7-D12C93096376}.Release|Any CPU.ActiveCfg = Release|Any CPU
		{5737B2CF-0E41-40F5-B7B7-D12C93096376}.Release|Any CPU.Build.0 = Release|Any CPU
		{270BF6F9-AD95-4C9B-985D-1F9F86D39B15}.Debug|Any CPU.ActiveCfg = Debug|Any CPU
		{270BF6F9-AD95-4C9B-985D-1F9F86D39B15}.Debug|Any CPU.Build.0 = Debug|Any CPU
		{270BF6F9-AD95-4C9B-985D-1F9F86D39B15}.Release|Any CPU.ActiveCfg = Release|Any CPU
		{270BF6F9-AD95-4C9B-985D-1F9F86D39B15}.Release|Any CPU.Build.0 = Release|Any CPU
		{47AA9E7B-0BF3-4531-91BC-B0DC854A28AD}.Debug|Any CPU.ActiveCfg = Debug|Any CPU
		{47AA9E7B-0BF3-4531-91BC-B0DC854A28AD}.Debug|Any CPU.Build.0 = Debug|Any CPU
		{47AA9E7B-0BF3-4531-91BC-B0DC854A28AD}.Release|Any CPU.ActiveCfg = Release|Any CPU
		{47AA9E7B-0BF3-4531-91BC-B0DC854A28AD}.Release|Any CPU.Build.0 = Release|Any CPU
		{2B70CBB9-0778-4945-AFF2-8385B7BEBFEB}.Debug|Any CPU.ActiveCfg = Debug|Any CPU
		{2B70CBB9-0778-4945-AFF2-8385B7BEBFEB}.Debug|Any CPU.Build.0 = Debug|Any CPU
		{2B70CBB9-0778-4945-AFF2-8385B7BEBFEB}.Release|Any CPU.ActiveCfg = Release|Any CPU
		{2B70CBB9-0778-4945-AFF2-8385B7BEBFEB}.Release|Any CPU.Build.0 = Release|Any CPU
		{10157ED8-9BB8-45F2-8054-DCE1B1AE9960}.Debug|Any CPU.ActiveCfg = Debug|Any CPU
		{10157ED8-9BB8-45F2-8054-DCE1B1AE9960}.Debug|Any CPU.Build.0 = Debug|Any CPU
		{10157ED8-9BB8-45F2-8054-DCE1B1AE9960}.Release|Any CPU.ActiveCfg = Release|Any CPU
		{10157ED8-9BB8-45F2-8054-DCE1B1AE9960}.Release|Any CPU.Build.0 = Release|Any CPU
		{5B865182-066E-4564-9AB1-68D36EDC91B9}.Debug|Any CPU.ActiveCfg = Debug|Any CPU
		{5B865182-066E-4564-9AB1-68D36EDC91B9}.Debug|Any CPU.Build.0 = Debug|Any CPU
		{5B865182-066E-4564-9AB1-68D36EDC91B9}.Release|Any CPU.ActiveCfg = Release|Any CPU
		{5B865182-066E-4564-9AB1-68D36EDC91B9}.Release|Any CPU.Build.0 = Release|Any CPU
		{8FA96278-8508-488A-A796-266F7221C70B}.Debug|Any CPU.ActiveCfg = Debug|Any CPU
		{8FA96278-8508-488A-A796-266F7221C70B}.Debug|Any CPU.Build.0 = Debug|Any CPU
		{8FA96278-8508-488A-A796-266F7221C70B}.Release|Any CPU.ActiveCfg = Release|Any CPU
		{8FA96278-8508-488A-A796-266F7221C70B}.Release|Any CPU.Build.0 = Release|Any CPU
	EndGlobalSection
	GlobalSection(SolutionProperties) = preSolution
		HideSolutionNode = FALSE
	EndGlobalSection
	GlobalSection(NestedProjects) = preSolution
		{5AABEB2E-7164-477E-A439-B146B21D71A5} = {11041D30-4CB1-4514-AF9B-39452C44E087}
		{D7FB0BAE-7EFC-41C5-B6CB-E8AD34EDA1F7} = {11041D30-4CB1-4514-AF9B-39452C44E087}
		{48B16B89-8745-4704-BD30-5CCDB9187E09} = {11041D30-4CB1-4514-AF9B-39452C44E087}
		{C58BF8A3-92B6-46EC-8DD2-E1B244785C26} = {11041D30-4CB1-4514-AF9B-39452C44E087}
		{7896B0FD-0BC2-4BFC-B5D5-804BE639A26D} = {11041D30-4CB1-4514-AF9B-39452C44E087}
		{2F8CFF6D-8DFA-4019-812B-B908C320578D} = {11041D30-4CB1-4514-AF9B-39452C44E087}
		{1E08F218-E618-46DE-8B6A-27C728A02D6E} = {61D69671-A115-4BE4-8CD5-03D073B8FEA5}
		{FF196515-2FB0-4980-8107-8D838E1235D3} = {61D69671-A115-4BE4-8CD5-03D073B8FEA5}
		{5A77E07F-9E31-4029-B359-A29F78F348B3} = {61D69671-A115-4BE4-8CD5-03D073B8FEA5}
		{ABE227EA-DACB-4C21-BA7D-809268843423} = {61D69671-A115-4BE4-8CD5-03D073B8FEA5}
		{7440F6F8-8903-4F0C-AB7F-945F77F3357A} = {329F8508-F5DE-41FB-930A-ECB017BDAE61}
		{650AA862-A10C-49F2-84B8-161CE78729CA} = {329F8508-F5DE-41FB-930A-ECB017BDAE61}
		{E2872981-5689-4311-8A7C-6D420624E2A2} = {329F8508-F5DE-41FB-930A-ECB017BDAE61}
		{2B70CBB9-0778-4945-AFF2-8385B7BEBFEB} = {09221518-81B4-42BA-A53D-2679D1E13904}
		{8FA96278-8508-488A-A796-266F7221C70B} = {09221518-81B4-42BA-A53D-2679D1E13904}
		{10157ED8-9BB8-45F2-8054-DCE1B1AE9960} = {62810943-514E-4B76-9FDC-34951C8E4257}
		{5737B2CF-0E41-40F5-B7B7-D12C93096376} = {31A7F35B-6E57-488C-AF92-D88502C7476B}
		{270BF6F9-AD95-4C9B-985D-1F9F86D39B15} = {C8502EFE-45B6-4E7B-9F27-82473639D80F}
		{47AA9E7B-0BF3-4531-91BC-B0DC854A28AD} = {C8502EFE-45B6-4E7B-9F27-82473639D80F}
		{5B865182-066E-4564-9AB1-68D36EDC91B9} = {DC592076-05B9-4D8A-BCD8-E995173C81DD}
	EndGlobalSection
EndGlobal
